
Microsoft Visual Studio Solution File, Format Version 12.00
# Visual Studio Version 16
VisualStudioVersion = 16.0.30104.148
MinimumVisualStudioVersion = 10.0.40219.1
Project("{FAE04EC0-301F-11D3-BF4B-00C04F79EFBC}") = "Locadora.Api", "src\Locadora.Api\Locadora.Api.csproj", "{6FCA8BFE-4013-4A40-81DD-3FD673850EAB}"
EndProject
Project("{FAE04EC0-301F-11D3-BF4B-00C04F79EFBC}") = "Locadora.Data", "src\Locadora.Data\Locadora.Data.csproj", "{A1616235-0BA0-4DF8-8759-6309D780B2FB}"
EndProject
Project("{FAE04EC0-301F-11D3-BF4B-00C04F79EFBC}") = "Locadora.Business", "src\Locadora.Business\Locadora.Business.csproj", "{A1CA2A55-B730-4121-BD43-A4707C633ADA}"
EndProject
Project("{FAE04EC0-301F-11D3-BF4B-00C04F79EFBC}") = "Locadora.Tests", "tests\Locadora.Tests\Locadora.Tests.csproj", "{B7D193F2-3FA4-4684-8C5F-9FC8ED09E399}"
EndProject
Global
	GlobalSection(SolutionConfigurationPlatforms) = preSolution
		Debug|Any CPU = Debug|Any CPU
		Release|Any CPU = Release|Any CPU
	EndGlobalSection
	GlobalSection(ProjectConfigurationPlatforms) = postSolution
		{6FCA8BFE-4013-4A40-81DD-3FD673850EAB}.Debug|Any CPU.ActiveCfg = Debug|Any CPU
		{6FCA8BFE-4013-4A40-81DD-3FD673850EAB}.Debug|Any CPU.Build.0 = Debug|Any CPU
		{6FCA8BFE-4013-4A40-81DD-3FD673850EAB}.Release|Any CPU.ActiveCfg = Release|Any CPU
		{6FCA8BFE-4013-4A40-81DD-3FD673850EAB}.Release|Any CPU.Build.0 = Release|Any CPU
		{A1616235-0BA0-4DF8-8759-6309D780B2FB}.Debug|Any CPU.ActiveCfg = Debug|Any CPU
		{A1616235-0BA0-4DF8-8759-6309D780B2FB}.Debug|Any CPU.Build.0 = Debug|Any CPU
		{A1616235-0BA0-4DF8-8759-6309D780B2FB}.Release|Any CPU.ActiveCfg = Release|Any CPU
		{A1616235-0BA0-4DF8-8759-6309D780B2FB}.Release|Any CPU.Build.0 = Release|Any CPU
		{A1CA2A55-B730-4121-BD43-A4707C633ADA}.Debug|Any CPU.ActiveCfg = Debug|Any CPU
		{A1CA2A55-B730-4121-BD43-A4707C633ADA}.Debug|Any CPU.Build.0 = Debug|Any CPU
		{A1CA2A55-B730-4121-BD43-A4707C633ADA}.Release|Any CPU.ActiveCfg = Release|Any CPU
		{A1CA2A55-B730-4121-BD43-A4707C633ADA}.Release|Any CPU.Build.0 = Release|Any CPU
		{B7D193F2-3FA4-4684-8C5F-9FC8ED09E399}.Debug|Any CPU.ActiveCfg = Debug|Any CPU
		{B7D193F2-3FA4-4684-8C5F-9FC8ED09E399}.Debug|Any CPU.Build.0 = Debug|Any CPU
		{B7D193F2-3FA4-4684-8C5F-9FC8ED09E399}.Release|Any CPU.ActiveCfg = Release|Any CPU
		{B7D193F2-3FA4-4684-8C5F-9FC8ED09E399}.Release|Any CPU.Build.0 = Release|Any CPU
	EndGlobalSection
	GlobalSection(SolutionProperties) = preSolution
		HideSolutionNode = FALSE
	EndGlobalSection
	GlobalSection(ExtensibilityGlobals) = postSolution
		SolutionGuid = {08D85D79-9535-4B2D-AC85-3FE75591CFBD}
	EndGlobalSection
EndGlobal
